
Microsoft Visual Studio Solution File, Format Version 12.00
# Visual Studio Version 17
VisualStudioVersion = 17.2.32519.379
MinimumVisualStudioVersion = 10.0.40219.1
Project("{9A19103F-16F7-4668-BE54-9A1E7A4F7556}") = "ConsoleApp", "ConsoleApp.csproj", "{70E2D98D-EB36-4C4D-BC79-6E67E99742A0}"
EndProject
Global
	GlobalSection(SolutionConfigurationPlatforms) = preSolution
		Debug|Any CPU = Debug|Any CPU
		Release|Any CPU = Release|Any CPU
	EndGlobalSection
	GlobalSection(ProjectConfigurationPlatforms) = postSolution
		{70E2D98D-EB36-4C4D-BC79-6E67E99742A0}.Debug|Any CPU.ActiveCfg = Debug|Any CPU
		{70E2D98D-EB36-4C4D-BC79-6E67E99742A0}.Debug|Any CPU.Build.0 = Debug|Any CPU
		{70E2D98D-EB36-4C4D-BC79-6E67E99742A0}.Release|Any CPU.ActiveCfg = Release|Any CPU
		{70E2D98D-EB36-4C4D-BC79-6E67E99742A0}.Release|Any CPU.Build.0 = Release|Any CPU
	EndGlobalSection
	GlobalSection(SolutionProperties) = preSolution
		HideSolutionNode = FALSE
	EndGlobalSection
	GlobalSection(ExtensibilityGlobals) = postSolution
		SolutionGuid = {B9CB9F9E-7EC2-475E-A323-6537B4B0DCB0}
	EndGlobalSection
EndGlobal
